
Microsoft Visual Studio Solution File, Format Version 12.00
# Visual Studio 15
VisualStudioVersion = 15.0.28307.1778
MinimumVisualStudioVersion = 10.0.40219.1
Project("{FAE04EC0-301F-11D3-BF4B-00C04F79EFBC}") = "BuilderDP", "BuilderDP\BuilderDP.csproj", "{DB593212-4DDD-4566-8321-5350D6761DE8}"
EndProject
Global
	GlobalSection(SolutionConfigurationPlatforms) = preSolution
		Debug|Any CPU = Debug|Any CPU
		Release|Any CPU = Release|Any CPU
	EndGlobalSection
	GlobalSection(ProjectConfigurationPlatforms) = postSolution
		{DB593212-4DDD-4566-8321-5350D6761DE8}.Debug|Any CPU.ActiveCfg = Debug|Any CPU
		{DB593212-4DDD-4566-8321-5350D6761DE8}.Debug|Any CPU.Build.0 = Debug|Any CPU
		{DB593212-4DDD-4566-8321-5350D6761DE8}.Release|Any CPU.ActiveCfg = Release|Any CPU
		{DB593212-4DDD-4566-8321-5350D6761DE8}.Release|Any CPU.Build.0 = Release|Any CPU
	EndGlobalSection
	GlobalSection(SolutionProperties) = preSolution
		HideSolutionNode = FALSE
	EndGlobalSection
	GlobalSection(ExtensibilityGlobals) = postSolution
		SolutionGuid = {AB68FAD0-A585-43A7-AE9A-87F708B1A3E2}
	EndGlobalSection
EndGlobal
