
Microsoft Visual Studio Solution File, Format Version 12.00
# Visual Studio 15
VisualStudioVersion = 15.0.28307.1778
MinimumVisualStudioVersion = 10.0.40219.1
Project("{FAE04EC0-301F-11D3-BF4B-00C04F79EFBC}") = "Adapter.Structure", "Adapter.Structure\Adapter.Structure.csproj", "{C3DB97E8-11C2-4378-9A8C-1AEEEFA2F728}"
EndProject
Global
	GlobalSection(SolutionConfigurationPlatforms) = preSolution
		Debug|Any CPU = Debug|Any CPU
		Release|Any CPU = Release|Any CPU
	EndGlobalSection
	GlobalSection(ProjectConfigurationPlatforms) = postSolution
		{C3DB97E8-11C2-4378-9A8C-1AEEEFA2F728}.Debug|Any CPU.ActiveCfg = Debug|Any CPU
		{C3DB97E8-11C2-4378-9A8C-1AEEEFA2F728}.Debug|Any CPU.Build.0 = Debug|Any CPU
		{C3DB97E8-11C2-4378-9A8C-1AEEEFA2F728}.Release|Any CPU.ActiveCfg = Release|Any CPU
		{C3DB97E8-11C2-4378-9A8C-1AEEEFA2F728}.Release|Any CPU.Build.0 = Release|Any CPU
	EndGlobalSection
	GlobalSection(SolutionProperties) = preSolution
		HideSolutionNode = FALSE
	EndGlobalSection
	GlobalSection(ExtensibilityGlobals) = postSolution
		SolutionGuid = {FB2B445F-C7BF-4173-87FA-E783C687B15A}
	EndGlobalSection
EndGlobal
