
Microsoft Visual Studio Solution File, Format Version 12.00
# Visual Studio 15
VisualStudioVersion = 15.0.28307.1778
MinimumVisualStudioVersion = 10.0.40219.1
Project("{FAE04EC0-301F-11D3-BF4B-00C04F79EFBC}") = "Adapter", "Adapter\Adapter.csproj", "{3C483630-5473-4104-9D6B-354F286F9AB6}"
EndProject
Global
	GlobalSection(SolutionConfigurationPlatforms) = preSolution
		Debug|Any CPU = Debug|Any CPU
		Release|Any CPU = Release|Any CPU
	EndGlobalSection
	GlobalSection(ProjectConfigurationPlatforms) = postSolution
		{3C483630-5473-4104-9D6B-354F286F9AB6}.Debug|Any CPU.ActiveCfg = Debug|Any CPU
		{3C483630-5473-4104-9D6B-354F286F9AB6}.Debug|Any CPU.Build.0 = Debug|Any CPU
		{3C483630-5473-4104-9D6B-354F286F9AB6}.Release|Any CPU.ActiveCfg = Release|Any CPU
		{3C483630-5473-4104-9D6B-354F286F9AB6}.Release|Any CPU.Build.0 = Release|Any CPU
	EndGlobalSection
	GlobalSection(SolutionProperties) = preSolution
		HideSolutionNode = FALSE
	EndGlobalSection
	GlobalSection(ExtensibilityGlobals) = postSolution
		SolutionGuid = {0C594AF6-7744-4026-BF86-0858DCC92249}
	EndGlobalSection
EndGlobal
