
Microsoft Visual Studio Solution File, Format Version 12.00
# Visual Studio 15
VisualStudioVersion = 15.0.28307.1778
MinimumVisualStudioVersion = 10.0.40219.1
Project("{FAE04EC0-301F-11D3-BF4B-00C04F79EFBC}") = "Singleton.Structure", "Singleton.Structure\Singleton.Structure.csproj", "{B0407D49-C142-4A82-9EA4-DE1D60CAE2EE}"
EndProject
Global
	GlobalSection(SolutionConfigurationPlatforms) = preSolution
		Debug|Any CPU = Debug|Any CPU
		Release|Any CPU = Release|Any CPU
	EndGlobalSection
	GlobalSection(ProjectConfigurationPlatforms) = postSolution
		{B0407D49-C142-4A82-9EA4-DE1D60CAE2EE}.Debug|Any CPU.ActiveCfg = Debug|Any CPU
		{B0407D49-C142-4A82-9EA4-DE1D60CAE2EE}.Debug|Any CPU.Build.0 = Debug|Any CPU
		{B0407D49-C142-4A82-9EA4-DE1D60CAE2EE}.Release|Any CPU.ActiveCfg = Release|Any CPU
		{B0407D49-C142-4A82-9EA4-DE1D60CAE2EE}.Release|Any CPU.Build.0 = Release|Any CPU
	EndGlobalSection
	GlobalSection(SolutionProperties) = preSolution
		HideSolutionNode = FALSE
	EndGlobalSection
	GlobalSection(ExtensibilityGlobals) = postSolution
		SolutionGuid = {D7DD4D30-BB40-4A4E-B8AD-D772A0036989}
	EndGlobalSection
EndGlobal
