
Microsoft Visual Studio Solution File, Format Version 12.00
# Visual Studio 15
VisualStudioVersion = 15.0.28307.1778
MinimumVisualStudioVersion = 10.0.40219.1
Project("{FAE04EC0-301F-11D3-BF4B-00C04F79EFBC}") = "Composite.Structure", "Composite.Structure\Composite.Structure.csproj", "{3AF93034-75B2-4D4C-8394-1B9C8C84E591}"
EndProject
Global
	GlobalSection(SolutionConfigurationPlatforms) = preSolution
		Debug|Any CPU = Debug|Any CPU
		Release|Any CPU = Release|Any CPU
	EndGlobalSection
	GlobalSection(ProjectConfigurationPlatforms) = postSolution
		{3AF93034-75B2-4D4C-8394-1B9C8C84E591}.Debug|Any CPU.ActiveCfg = Debug|Any CPU
		{3AF93034-75B2-4D4C-8394-1B9C8C84E591}.Debug|Any CPU.Build.0 = Debug|Any CPU
		{3AF93034-75B2-4D4C-8394-1B9C8C84E591}.Release|Any CPU.ActiveCfg = Release|Any CPU
		{3AF93034-75B2-4D4C-8394-1B9C8C84E591}.Release|Any CPU.Build.0 = Release|Any CPU
	EndGlobalSection
	GlobalSection(SolutionProperties) = preSolution
		HideSolutionNode = FALSE
	EndGlobalSection
	GlobalSection(ExtensibilityGlobals) = postSolution
		SolutionGuid = {AF3BC055-71EA-4B1C-8866-1E61AF6BA6C0}
	EndGlobalSection
EndGlobal
